
Microsoft Visual Studio Solution File, Format Version 12.00
# Visual Studio Version 17
VisualStudioVersion = 17.4.33213.308
MinimumVisualStudioVersion = 10.0.40219.1
Project("{9A19103F-16F7-4668-BE54-9A1E7A4F7556}") = "EntityLayer", "EntityLayer\EntityLayer.csproj", "{046DACA3-F9C8-4733-8B00-ED8CA35E49DF}"
EndProject
Project("{9A19103F-16F7-4668-BE54-9A1E7A4F7556}") = "DataAccessLayer", "DataAccessLayer\DataAccessLayer.csproj", "{43EFCC60-5E06-4B94-B841-A53BE0281A85}"
EndProject
Project("{9A19103F-16F7-4668-BE54-9A1E7A4F7556}") = "BusinessLayer", "BusinessLayer\BusinessLayer.csproj", "{7C970C45-32CE-4AAB-94FC-DD764B2F3F52}"
EndProject
Project("{9A19103F-16F7-4668-BE54-9A1E7A4F7556}") = "CoreLayer", "CoreLayer\CoreLayer.csproj", "{930887B6-BF10-4B95-98B7-9AB36EC14D27}"
EndProject
Project("{9A19103F-16F7-4668-BE54-9A1E7A4F7556}") = "WebApi", "WebApi\WebApi.csproj", "{F6F89987-8353-4D01-A76C-9D73BCBB8882}"
EndProject
Global
	GlobalSection(SolutionConfigurationPlatforms) = preSolution
		Debug|Any CPU = Debug|Any CPU
		Release|Any CPU = Release|Any CPU
	EndGlobalSection
	GlobalSection(ProjectConfigurationPlatforms) = postSolution
		{046DACA3-F9C8-4733-8B00-ED8CA35E49DF}.Debug|Any CPU.ActiveCfg = Debug|Any CPU
		{046DACA3-F9C8-4733-8B00-ED8CA35E49DF}.Debug|Any CPU.Build.0 = Debug|Any CPU
		{046DACA3-F9C8-4733-8B00-ED8CA35E49DF}.Release|Any CPU.ActiveCfg = Release|Any CPU
		{046DACA3-F9C8-4733-8B00-ED8CA35E49DF}.Release|Any CPU.Build.0 = Release|Any CPU
		{43EFCC60-5E06-4B94-B841-A53BE0281A85}.Debug|Any CPU.ActiveCfg = Debug|Any CPU
		{43EFCC60-5E06-4B94-B841-A53BE0281A85}.Debug|Any CPU.Build.0 = Debug|Any CPU
		{43EFCC60-5E06-4B94-B841-A53BE0281A85}.Release|Any CPU.ActiveCfg = Release|Any CPU
		{43EFCC60-5E06-4B94-B841-A53BE0281A85}.Release|Any CPU.Build.0 = Release|Any CPU
		{7C970C45-32CE-4AAB-94FC-DD764B2F3F52}.Debug|Any CPU.ActiveCfg = Debug|Any CPU
		{7C970C45-32CE-4AAB-94FC-DD764B2F3F52}.Debug|Any CPU.Build.0 = Debug|Any CPU
		{7C970C45-32CE-4AAB-94FC-DD764B2F3F52}.Release|Any CPU.ActiveCfg = Release|Any CPU
		{7C970C45-32CE-4AAB-94FC-DD764B2F3F52}.Release|Any CPU.Build.0 = Release|Any CPU
		{930887B6-BF10-4B95-98B7-9AB36EC14D27}.Debug|Any CPU.ActiveCfg = Debug|Any CPU
		{930887B6-BF10-4B95-98B7-9AB36EC14D27}.Debug|Any CPU.Build.0 = Debug|Any CPU
		{930887B6-BF10-4B95-98B7-9AB36EC14D27}.Release|Any CPU.ActiveCfg = Release|Any CPU
		{930887B6-BF10-4B95-98B7-9AB36EC14D27}.Release|Any CPU.Build.0 = Release|Any CPU
		{F6F89987-8353-4D01-A76C-9D73BCBB8882}.Debug|Any CPU.ActiveCfg = Debug|Any CPU
		{F6F89987-8353-4D01-A76C-9D73BCBB8882}.Debug|Any CPU.Build.0 = Debug|Any CPU
		{F6F89987-8353-4D01-A76C-9D73BCBB8882}.Release|Any CPU.ActiveCfg = Release|Any CPU
		{F6F89987-8353-4D01-A76C-9D73BCBB8882}.Release|Any CPU.Build.0 = Release|Any CPU
	EndGlobalSection
	GlobalSection(SolutionProperties) = preSolution
		HideSolutionNode = FALSE
	EndGlobalSection
	GlobalSection(ExtensibilityGlobals) = postSolution
		SolutionGuid = {1F9209D8-C70A-4879-9192-1BC881793AEE}
	EndGlobalSection
EndGlobal
